
Microsoft Visual Studio Solution File, Format Version 12.00
# Visual Studio Version 17
VisualStudioVersion = 17.3.32929.385
MinimumVisualStudioVersion = 10.0.40219.1
Project("{FAE04EC0-301F-11D3-BF4B-00C04F79EFBC}") = "app-web-pontoall", "app-web-pontoall\app-web-pontoall.csproj", "{F17156B5-B45A-4626-BC07-6A5598FD491E}"
EndProject
Global
	GlobalSection(SolutionConfigurationPlatforms) = preSolution
		Debug|Any CPU = Debug|Any CPU
		Release|Any CPU = Release|Any CPU
	EndGlobalSection
	GlobalSection(ProjectConfigurationPlatforms) = postSolution
		{F17156B5-B45A-4626-BC07-6A5598FD491E}.Debug|Any CPU.ActiveCfg = Debug|Any CPU
		{F17156B5-B45A-4626-BC07-6A5598FD491E}.Debug|Any CPU.Build.0 = Debug|Any CPU
		{F17156B5-B45A-4626-BC07-6A5598FD491E}.Release|Any CPU.ActiveCfg = Release|Any CPU
		{F17156B5-B45A-4626-BC07-6A5598FD491E}.Release|Any CPU.Build.0 = Release|Any CPU
	EndGlobalSection
	GlobalSection(SolutionProperties) = preSolution
		HideSolutionNode = FALSE
	EndGlobalSection
	GlobalSection(ExtensibilityGlobals) = postSolution
		SolutionGuid = {42B57CE2-F1E8-40BD-B3C2-EF1220551A31}
	EndGlobalSection
EndGlobal
